
Microsoft Visual Studio Solution File, Format Version 12.00
# Visual Studio 15
Project("{FAE04EC0-301F-11D3-BF4B-00C04F79EFBC}") = "Assembly-CSharp", "Assembly-CSharp.csproj", "{AB418629-FA83-52A1-CBCC-503699CE5DE8}"
EndProject
Project("{FAE04EC0-301F-11D3-BF4B-00C04F79EFBC}") = "SteamVR", "SteamVR.csproj", "{B9C0DDB0-5D9E-3EE3-927C-39EFAA0642F3}"
EndProject
Project("{FAE04EC0-301F-11D3-BF4B-00C04F79EFBC}") = "NavMeshComponents", "NavMeshComponents.csproj", "{21A1E87E-7B1B-B1B4-D68D-220ABF8F9C1D}"
EndProject
Project("{FAE04EC0-301F-11D3-BF4B-00C04F79EFBC}") = "SteamVR_Actions", "SteamVR_Actions.csproj", "{DCA54175-417E-C262-2D85-695137709A28}"
EndProject
Project("{FAE04EC0-301F-11D3-BF4B-00C04F79EFBC}") = "Assembly-CSharp-Editor", "Assembly-CSharp-Editor.csproj", "{F74C1434-AF24-CCA1-B905-17FFEFCC25B4}"
EndProject
Project("{FAE04EC0-301F-11D3-BF4B-00C04F79EFBC}") = "SteamVR_Editor", "SteamVR_Editor.csproj", "{73EC2E9F-974C-C7AD-188C-CCDAEAADB6BB}"
EndProject
Project("{FAE04EC0-301F-11D3-BF4B-00C04F79EFBC}") = "NavMeshComponentsEditor", "NavMeshComponentsEditor.csproj", "{B829F446-17FC-B708-A942-5B8CE0BBE294}"
EndProject
Project("{FAE04EC0-301F-11D3-BF4B-00C04F79EFBC}") = "SteamVR_Input_Editor", "SteamVR_Input_Editor.csproj", "{B924B307-85EB-C686-0C1A-D70469A89EB8}"
EndProject
Project("{FAE04EC0-301F-11D3-BF4B-00C04F79EFBC}") = "SteamVR_Windows_EditorHelper", "SteamVR_Windows_EditorHelper.csproj", "{CA5C57B7-5D4F-A9C2-EE06-8A2C0A5E5324}"
EndProject
Global
	GlobalSection(SolutionConfigurationPlatforms) = preSolution
		Debug|Any CPU = Debug|Any CPU
		Release|Any CPU = Release|Any CPU
	EndGlobalSection
	GlobalSection(ProjectConfigurationPlatforms) = postSolution
		{AB418629-FA83-52A1-CBCC-503699CE5DE8}.Debug|Any CPU.ActiveCfg = Debug|Any CPU
		{AB418629-FA83-52A1-CBCC-503699CE5DE8}.Debug|Any CPU.Build.0 = Debug|Any CPU
		{AB418629-FA83-52A1-CBCC-503699CE5DE8}.Release|Any CPU.ActiveCfg = Release|Any CPU
		{AB418629-FA83-52A1-CBCC-503699CE5DE8}.Release|Any CPU.Build.0 = Release|Any CPU
		{B9C0DDB0-5D9E-3EE3-927C-39EFAA0642F3}.Debug|Any CPU.ActiveCfg = Debug|Any CPU
		{B9C0DDB0-5D9E-3EE3-927C-39EFAA0642F3}.Debug|Any CPU.Build.0 = Debug|Any CPU
		{B9C0DDB0-5D9E-3EE3-927C-39EFAA0642F3}.Release|Any CPU.ActiveCfg = Release|Any CPU
		{B9C0DDB0-5D9E-3EE3-927C-39EFAA0642F3}.Release|Any CPU.Build.0 = Release|Any CPU
		{21A1E87E-7B1B-B1B4-D68D-220ABF8F9C1D}.Debug|Any CPU.ActiveCfg = Debug|Any CPU
		{21A1E87E-7B1B-B1B4-D68D-220ABF8F9C1D}.Debug|Any CPU.Build.0 = Debug|Any CPU
		{21A1E87E-7B1B-B1B4-D68D-220ABF8F9C1D}.Release|Any CPU.ActiveCfg = Release|Any CPU
		{21A1E87E-7B1B-B1B4-D68D-220ABF8F9C1D}.Release|Any CPU.Build.0 = Release|Any CPU
		{DCA54175-417E-C262-2D85-695137709A28}.Debug|Any CPU.ActiveCfg = Debug|Any CPU
		{DCA54175-417E-C262-2D85-695137709A28}.Debug|Any CPU.Build.0 = Debug|Any CPU
		{DCA54175-417E-C262-2D85-695137709A28}.Release|Any CPU.ActiveCfg = Release|Any CPU
		{DCA54175-417E-C262-2D85-695137709A28}.Release|Any CPU.Build.0 = Release|Any CPU
		{F74C1434-AF24-CCA1-B905-17FFEFCC25B4}.Debug|Any CPU.ActiveCfg = Debug|Any CPU
		{F74C1434-AF24-CCA1-B905-17FFEFCC25B4}.Debug|Any CPU.Build.0 = Debug|Any CPU
		{F74C1434-AF24-CCA1-B905-17FFEFCC25B4}.Release|Any CPU.ActiveCfg = Release|Any CPU
		{F74C1434-AF24-CCA1-B905-17FFEFCC25B4}.Release|Any CPU.Build.0 = Release|Any CPU
		{73EC2E9F-974C-C7AD-188C-CCDAEAADB6BB}.Debug|Any CPU.ActiveCfg = Debug|Any CPU
		{73EC2E9F-974C-C7AD-188C-CCDAEAADB6BB}.Debug|Any CPU.Build.0 = Debug|Any CPU
		{73EC2E9F-974C-C7AD-188C-CCDAEAADB6BB}.Release|Any CPU.ActiveCfg = Release|Any CPU
		{73EC2E9F-974C-C7AD-188C-CCDAEAADB6BB}.Release|Any CPU.Build.0 = Release|Any CPU
		{B829F446-17FC-B708-A942-5B8CE0BBE294}.Debug|Any CPU.ActiveCfg = Debug|Any CPU
		{B829F446-17FC-B708-A942-5B8CE0BBE294}.Debug|Any CPU.Build.0 = Debug|Any CPU
		{B829F446-17FC-B708-A942-5B8CE0BBE294}.Release|Any CPU.ActiveCfg = Release|Any CPU
		{B829F446-17FC-B708-A942-5B8CE0BBE294}.Release|Any CPU.Build.0 = Release|Any CPU
		{B924B307-85EB-C686-0C1A-D70469A89EB8}.Debug|Any CPU.ActiveCfg = Debug|Any CPU
		{B924B307-85EB-C686-0C1A-D70469A89EB8}.Debug|Any CPU.Build.0 = Debug|Any CPU
		{B924B307-85EB-C686-0C1A-D70469A89EB8}.Release|Any CPU.ActiveCfg = Release|Any CPU
		{B924B307-85EB-C686-0C1A-D70469A89EB8}.Release|Any CPU.Build.0 = Release|Any CPU
		{CA5C57B7-5D4F-A9C2-EE06-8A2C0A5E5324}.Debug|Any CPU.ActiveCfg = Debug|Any CPU
		{CA5C57B7-5D4F-A9C2-EE06-8A2C0A5E5324}.Debug|Any CPU.Build.0 = Debug|Any CPU
		{CA5C57B7-5D4F-A9C2-EE06-8A2C0A5E5324}.Release|Any CPU.ActiveCfg = Release|Any CPU
		{CA5C57B7-5D4F-A9C2-EE06-8A2C0A5E5324}.Release|Any CPU.Build.0 = Release|Any CPU
	EndGlobalSection
	GlobalSection(SolutionProperties) = preSolution
		HideSolutionNode = FALSE
	EndGlobalSection
EndGlobal
